
Microsoft Visual Studio Solution File, Format Version 12.00
# Visual Studio Version 16
VisualStudioVersion = 16.0.29424.173
MinimumVisualStudioVersion = 10.0.40219.1
Project("{9A19103F-16F7-4668-BE54-9A1E7A4F7556}") = "PushNotification", "PushNotification\PushNotification.csproj", "{3C32D33F-4213-490F-AE87-FC01A652E5FD}"
EndProject
Project("{9A19103F-16F7-4668-BE54-9A1E7A4F7556}") = "Smart garden", "Smart garden\Smart garden.csproj", "{02DF84FE-A75E-4DCF-A127-EB7FB1EE5BAD}"
EndProject
Global
	GlobalSection(SolutionConfigurationPlatforms) = preSolution
		Debug|Any CPU = Debug|Any CPU
		Release|Any CPU = Release|Any CPU
	EndGlobalSection
	GlobalSection(ProjectConfigurationPlatforms) = postSolution
		{3C32D33F-4213-490F-AE87-FC01A652E5FD}.Debug|Any CPU.ActiveCfg = Debug|Any CPU
		{3C32D33F-4213-490F-AE87-FC01A652E5FD}.Debug|Any CPU.Build.0 = Debug|Any CPU
		{3C32D33F-4213-490F-AE87-FC01A652E5FD}.Release|Any CPU.ActiveCfg = Release|Any CPU
		{3C32D33F-4213-490F-AE87-FC01A652E5FD}.Release|Any CPU.Build.0 = Release|Any CPU
		{02DF84FE-A75E-4DCF-A127-EB7FB1EE5BAD}.Debug|Any CPU.ActiveCfg = Debug|Any CPU
		{02DF84FE-A75E-4DCF-A127-EB7FB1EE5BAD}.Debug|Any CPU.Build.0 = Debug|Any CPU
		{02DF84FE-A75E-4DCF-A127-EB7FB1EE5BAD}.Release|Any CPU.ActiveCfg = Release|Any CPU
		{02DF84FE-A75E-4DCF-A127-EB7FB1EE5BAD}.Release|Any CPU.Build.0 = Release|Any CPU
	EndGlobalSection
	GlobalSection(SolutionProperties) = preSolution
		HideSolutionNode = FALSE
	EndGlobalSection
	GlobalSection(ExtensibilityGlobals) = postSolution
		SolutionGuid = {FD6B8D40-C7A2-4CC8-9FA8-01E0856D8DBC}
	EndGlobalSection
EndGlobal
